# THIS IS AN AUTOGENERATED FILE. DO NOT EDIT THIS FILE DIRECTLY.
# yarn lockfile v1


"bigfoot@git+https://github.com/lemonmade/bigfoot.git":
  version "2.1.4"
  resolved "git+https://github.com/lemonmade/bigfoot.git#981404aa9fd8d5ca979f9310333b9670990ffa1c"

bulma@^0.6.2:
  version "0.6.2"
  resolved "https://registry.yarnpkg.com/bulma/-/bulma-0.6.2.tgz#f4b1d11d5acc51a79644eb0a2b0b10649d3d71f5"
  integrity sha1-9LHRHVrMUaeWROsKKwsQZJ09cfU=

font-awesome@^4.7.0:
  version "4.7.0"
  resolved "https://registry.yarnpkg.com/font-awesome/-/font-awesome-4.7.0.tgz#8fa8cf0411a1a31afd07b06d2902bb9fc815a133"
  integrity sha1-j6jPBBGhoxr9B7BtKQK7n8gVoTM=
